
Microsoft Visual Studio Solution File, Format Version 12.00
# Visual Studio Version 17
VisualStudioVersion = 17.2.32526.322
MinimumVisualStudioVersion = 10.0.40219.1
Project("{9A19103F-16F7-4668-BE54-9A1E7A4F7556}") = "TgenNetProtocol", "TgenNetProtocol\TgenNetProtocol.csproj", "{4CA65E14-8DB9-4F1F-9DDF-3DA754FD3FA1}"
EndProject
Project("{9A19103F-16F7-4668-BE54-9A1E7A4F7556}") = "RdatagramProtocol", "RdatagramProtocol\RdatagramProtocol.csproj", "{441E4298-D75B-45EA-AAFC-C1F7441D7322}"
EndProject
Project("{FAE04EC0-301F-11D3-BF4B-00C04F79EFBC}") = "TgenWinForms", "TgenWinForms\TgenWinForms.csproj", "{FC16C3D5-6370-4597-B9EE-0B0DD0C6EDE9}"
EndProject
Project("{9A19103F-16F7-4668-BE54-9A1E7A4F7556}") = "LiteNetLib", "LiteNetLib\LiteNetLib.csproj", "{2F9EACC5-9092-492F-8097-2969438EEC41}"
EndProject
Project("{9A19103F-16F7-4668-BE54-9A1E7A4F7556}") = "TgenSerializer", "..\TgenSerializer\TgenSerializer\TgenSerializer.csproj", "{1E856C66-F9A1-49FA-8478-69F3DBB50FC2}"
EndProject
Project("{FAE04EC0-301F-11D3-BF4B-00C04F79EFBC}") = "Benchmarks", "Benchmarks\Benchmarks.csproj", "{82C8B80E-62FC-4B8A-A905-60322AEC5D4C}"
EndProject
Global
	GlobalSection(SolutionConfigurationPlatforms) = preSolution
		Debug|Any CPU = Debug|Any CPU
		Release|Any CPU = Release|Any CPU
	EndGlobalSection
	GlobalSection(ProjectConfigurationPlatforms) = postSolution
		{4CA65E14-8DB9-4F1F-9DDF-3DA754FD3FA1}.Debug|Any CPU.ActiveCfg = Debug|Any CPU
		{4CA65E14-8DB9-4F1F-9DDF-3DA754FD3FA1}.Debug|Any CPU.Build.0 = Debug|Any CPU
		{4CA65E14-8DB9-4F1F-9DDF-3DA754FD3FA1}.Release|Any CPU.ActiveCfg = Release|Any CPU
		{4CA65E14-8DB9-4F1F-9DDF-3DA754FD3FA1}.Release|Any CPU.Build.0 = Release|Any CPU
		{441E4298-D75B-45EA-AAFC-C1F7441D7322}.Debug|Any CPU.ActiveCfg = Debug|Any CPU
		{441E4298-D75B-45EA-AAFC-C1F7441D7322}.Debug|Any CPU.Build.0 = Debug|Any CPU
		{441E4298-D75B-45EA-AAFC-C1F7441D7322}.Release|Any CPU.ActiveCfg = Release|Any CPU
		{441E4298-D75B-45EA-AAFC-C1F7441D7322}.Release|Any CPU.Build.0 = Release|Any CPU
		{FC16C3D5-6370-4597-B9EE-0B0DD0C6EDE9}.Debug|Any CPU.ActiveCfg = Debug|Any CPU
		{FC16C3D5-6370-4597-B9EE-0B0DD0C6EDE9}.Debug|Any CPU.Build.0 = Debug|Any CPU
		{FC16C3D5-6370-4597-B9EE-0B0DD0C6EDE9}.Release|Any CPU.ActiveCfg = Release|Any CPU
		{FC16C3D5-6370-4597-B9EE-0B0DD0C6EDE9}.Release|Any CPU.Build.0 = Release|Any CPU
		{2F9EACC5-9092-492F-8097-2969438EEC41}.Debug|Any CPU.ActiveCfg = Debug|Any CPU
		{2F9EACC5-9092-492F-8097-2969438EEC41}.Debug|Any CPU.Build.0 = Debug|Any CPU
		{2F9EACC5-9092-492F-8097-2969438EEC41}.Release|Any CPU.ActiveCfg = Release|Any CPU
		{2F9EACC5-9092-492F-8097-2969438EEC41}.Release|Any CPU.Build.0 = Release|Any CPU
		{1E856C66-F9A1-49FA-8478-69F3DBB50FC2}.Debug|Any CPU.ActiveCfg = Debug|Any CPU
		{1E856C66-F9A1-49FA-8478-69F3DBB50FC2}.Debug|Any CPU.Build.0 = Debug|Any CPU
		{1E856C66-F9A1-49FA-8478-69F3DBB50FC2}.Release|Any CPU.ActiveCfg = Release|Any CPU
		{1E856C66-F9A1-49FA-8478-69F3DBB50FC2}.Release|Any CPU.Build.0 = Release|Any CPU
		{82C8B80E-62FC-4B8A-A905-60322AEC5D4C}.Debug|Any CPU.ActiveCfg = Debug|Any CPU
		{82C8B80E-62FC-4B8A-A905-60322AEC5D4C}.Debug|Any CPU.Build.0 = Debug|Any CPU
		{82C8B80E-62FC-4B8A-A905-60322AEC5D4C}.Release|Any CPU.ActiveCfg = Release|Any CPU
		{82C8B80E-62FC-4B8A-A905-60322AEC5D4C}.Release|Any CPU.Build.0 = Release|Any CPU
	EndGlobalSection
	GlobalSection(SolutionProperties) = preSolution
		HideSolutionNode = FALSE
	EndGlobalSection
	GlobalSection(ExtensibilityGlobals) = postSolution
		SolutionGuid = {D3C57EB0-2082-48CC-A995-954535712E36}
	EndGlobalSection
EndGlobal
